
Microsoft Visual Studio Solution File, Format Version 11.00
# Visual Studio 2010
Project("{FAE04EC0-301F-11D3-BF4B-00C04F79EFBC}") = "Streamer", "Streamer.csproj", "{49FE2E27-2AEF-4E9A-94A5-58E0A6C52093}"
EndProject
Global
	GlobalSection(SolutionConfigurationPlatforms) = preSolution
		Debug|x86 = Debug|x86
		Release|x86 = Release|x86
	EndGlobalSection
	GlobalSection(ProjectConfigurationPlatforms) = postSolution
		{49FE2E27-2AEF-4E9A-94A5-58E0A6C52093}.Debug|x86.ActiveCfg = Debug|x86
		{49FE2E27-2AEF-4E9A-94A5-58E0A6C52093}.Debug|x86.Build.0 = Debug|x86
		{49FE2E27-2AEF-4E9A-94A5-58E0A6C52093}.Release|x86.ActiveCfg = Release|x86
		{49FE2E27-2AEF-4E9A-94A5-58E0A6C52093}.Release|x86.Build.0 = Release|x86
	EndGlobalSection
	GlobalSection(SolutionProperties) = preSolution
		HideSolutionNode = FALSE
	EndGlobalSection
EndGlobal
